{
  "name": "dealer",
  "version": "0.1.0",
  "lockfileVersion": 3,
  "requires": true,
  "packages": {
    "": {
      "name": "dealer",
      "version": "0.1.0",
      "dependencies": {
        "dealer": "file:"
      },
      "engines": {
        "vscode": "^1.95.0"
      }
    },
    "node_modules/dealer": {
      "resolved": "",
      "link": true
    }
  }
}
